
Microsoft Visual Studio Solution File, Format Version 12.00
# Visual Studio Version 16
VisualStudioVersion = 16.0.30320.27
MinimumVisualStudioVersion = 10.0.40219.1
Project("{9A19103F-16F7-4668-BE54-9A1E7A4F7556}") = "PadronObligados2021", "PadronObligados2021\PadronObligados2021.csproj", "{0FC3527C-A50D-4920-B023-DF6B194D7245}"
EndProject
Global
	GlobalSection(SolutionConfigurationPlatforms) = preSolution
		Debug|Any CPU = Debug|Any CPU
		Release|Any CPU = Release|Any CPU
	EndGlobalSection
	GlobalSection(ProjectConfigurationPlatforms) = postSolution
		{0FC3527C-A50D-4920-B023-DF6B194D7245}.Debug|Any CPU.ActiveCfg = Debug|Any CPU
		{0FC3527C-A50D-4920-B023-DF6B194D7245}.Debug|Any CPU.Build.0 = Debug|Any CPU
		{0FC3527C-A50D-4920-B023-DF6B194D7245}.Release|Any CPU.ActiveCfg = Release|Any CPU
	EndGlobalSection
	GlobalSection(SolutionProperties) = preSolution
		HideSolutionNode = FALSE
	EndGlobalSection
	GlobalSection(ExtensibilityGlobals) = postSolution
		SolutionGuid = {CBF2F2B1-D43E-4E48-AAD9-4CFB363DC7C4}
	EndGlobalSection
EndGlobal
